
Microsoft Visual Studio Solution File, Format Version 12.00
# Visual Studio Version 16
VisualStudioVersion = 25.0.1704.2
MinimumVisualStudioVersion = 10.0.40219.1
Project("{FAE04EC0-301F-11D3-BF4B-00C04F79EFBC}") = "Begynder CSharp", "Begynder CSharp\Begynder CSharp.csproj", "{809B211B-0546-4DC9-94A6-F2087F6B242D}"
EndProject
Global
	GlobalSection(SolutionConfigurationPlatforms) = preSolution
		Debug|Any CPU = Debug|Any CPU
		Release|Any CPU = Release|Any CPU
	EndGlobalSection
	GlobalSection(ProjectConfigurationPlatforms) = postSolution
		{809B211B-0546-4DC9-94A6-F2087F6B242D}.Debug|Any CPU.ActiveCfg = Debug|Any CPU
		{809B211B-0546-4DC9-94A6-F2087F6B242D}.Debug|Any CPU.Build.0 = Debug|Any CPU
		{809B211B-0546-4DC9-94A6-F2087F6B242D}.Release|Any CPU.ActiveCfg = Release|Any CPU
		{809B211B-0546-4DC9-94A6-F2087F6B242D}.Release|Any CPU.Build.0 = Release|Any CPU
	EndGlobalSection
	GlobalSection(SolutionProperties) = preSolution
		HideSolutionNode = FALSE
	EndGlobalSection
	GlobalSection(ExtensibilityGlobals) = postSolution
		SolutionGuid = {232E90E8-DB87-4D94-A76C-54B98C960B0D}
	EndGlobalSection
EndGlobal
